// !$*UTF8*$!
{
	archiveVersion = 1;
	classes = {
	};
	objectVersion = 48;
	objects = {

/* Begin PBXBuildFile section */
		0E5E5709FED741999BBDBEA8 /* Pods_iFixUITests.framework in Frameworks */ = {isa = PBXBuildFile; fileRef = C01D33759B4E99913B40342B /* Pods_iFixUITests.framework */; };
		29541E04200993BD00935CDC /* OffersViewController.swift in Sources */ = {isa = PBXBuildFile; fileRef = 29541E03200993BD00935CDC /* OffersViewController.swift */; };
		29541E06200993F200935CDC /* InProgressViewController.swift in Sources */ = {isa = PBXBuildFile; fileRef = 29541E05200993F200935CDC /* InProgressViewController.swift */; };
		29541E082009940A00935CDC /* HistoryViewController.swift in Sources */ = {isa = PBXBuildFile; fileRef = 29541E072009940A00935CDC /* HistoryViewController.swift */; };
		29541E0A2009971700935CDC /* Service.swift in Sources */ = {isa = PBXBuildFile; fileRef = 29541E092009971700935CDC /* Service.swift */; };
		29541E0C2009A98F00935CDC /* UnclaimedServicesTableViewCell.swift in Sources */ = {isa = PBXBuildFile; fileRef = 29541E0B2009A98F00935CDC /* UnclaimedServicesTableViewCell.swift */; };
		29541E0E2009ADC600935CDC /* DataCurrentUser.swift in Sources */ = {isa = PBXBuildFile; fileRef = 29541E0D2009ADC600935CDC /* DataCurrentUser.swift */; };
		295A287C2009865A00530037 /* ServiceRequestViewController.swift in Sources */ = {isa = PBXBuildFile; fileRef = 295A287B2009865A00530037 /* ServiceRequestViewController.swift */; };
		7D044D1520097AAF0063BCBE /* ServiceProvider.swift in Sources */ = {isa = PBXBuildFile; fileRef = 7D044D1420097AAF0063BCBE /* ServiceProvider.swift */; };
		7D611BFF1FFD7EDA0015CF35 /* AppDelegate.swift in Sources */ = {isa = PBXBuildFile; fileRef = 7D611BFE1FFD7EDA0015CF35 /* AppDelegate.swift */; };
		7D611C011FFD7EDA0015CF35 /* ViewController.swift in Sources */ = {isa = PBXBuildFile; fileRef = 7D611C001FFD7EDA0015CF35 /* ViewController.swift */; };
		7D611C041FFD7EDB0015CF35 /* Main.storyboard in Resources */ = {isa = PBXBuildFile; fileRef = 7D611C021FFD7EDB0015CF35 /* Main.storyboard */; };
		7D611C061FFD7EDB0015CF35 /* Assets.xcassets in Resources */ = {isa = PBXBuildFile; fileRef = 7D611C051FFD7EDB0015CF35 /* Assets.xcassets */; };
		7D611C091FFD7EDB0015CF35 /* LaunchScreen.storyboard in Resources */ = {isa = PBXBuildFile; fileRef = 7D611C071FFD7EDB0015CF35 /* LaunchScreen.storyboard */; };
		7D611C141FFD7EDB0015CF35 /* iFixTests.swift in Sources */ = {isa = PBXBuildFile; fileRef = 7D611C131FFD7EDB0015CF35 /* iFixTests.swift */; };
		7D611C1F1FFD7EDB0015CF35 /* iFixUITests.swift in Sources */ = {isa = PBXBuildFile; fileRef = 7D611C1E1FFD7EDB0015CF35 /* iFixUITests.swift */; };
		7DAD311F1FFF10130092450C /* GoogleService-Info.plist in Resources */ = {isa = PBXBuildFile; fileRef = 7DAD311E1FFF10130092450C /* GoogleService-Info.plist */; };
		7DCA25D81FFDBCA800917C12 /* SignUpViewController.swift in Sources */ = {isa = PBXBuildFile; fileRef = 7DCA25D71FFDBCA800917C12 /* SignUpViewController.swift */; };
		7DCA25DA1FFDBCB700917C12 /* SignInViewController.swift in Sources */ = {isa = PBXBuildFile; fileRef = 7DCA25D91FFDBCB700917C12 /* SignInViewController.swift */; };
		7DCA25DC1FFDC9D600917C12 /* User.swift in Sources */ = {isa = PBXBuildFile; fileRef = 7DCA25DB1FFDC9D600917C12 /* User.swift */; };
		7DCA25DE1FFDEFB900917C12 /* UserHomeViewController.swift in Sources */ = {isa = PBXBuildFile; fileRef = 7DCA25DD1FFDEFB900917C12 /* UserHomeViewController.swift */; };
		7DCA25E01FFDEFD100917C12 /* ServiceProviderHomeViewController.swift in Sources */ = {isa = PBXBuildFile; fileRef = 7DCA25DF1FFDEFD100917C12 /* ServiceProviderHomeViewController.swift */; };
		9983BC5F7B90693C786D82F5 /* Pods_iFixTests.framework in Frameworks */ = {isa = PBXBuildFile; fileRef = AD7361E48A7AD21746C6E73A /* Pods_iFixTests.framework */; };
		CD44310A8B1EA18E7540407A /* Pods_iFix.framework in Frameworks */ = {isa = PBXBuildFile; fileRef = 826303C7D31F4CA7A74F339C /* Pods_iFix.framework */; };
/* End PBXBuildFile section */

/* Begin PBXContainerItemProxy section */
		7D611C101FFD7EDB0015CF35 /* PBXContainerItemProxy */ = {
			isa = PBXContainerItemProxy;
			containerPortal = 7D611BF31FFD7EDA0015CF35 /* Project object */;
			proxyType = 1;
			remoteGlobalIDString = 7D611BFA1FFD7EDA0015CF35;
			remoteInfo = iFix;
		};
		7D611C1B1FFD7EDB0015CF35 /* PBXContainerItemProxy */ = {
			isa = PBXContainerItemProxy;
			containerPortal = 7D611BF31FFD7EDA0015CF35 /* Project object */;
			proxyType = 1;
			remoteGlobalIDString = 7D611BFA1FFD7EDA0015CF35;
			remoteInfo = iFix;
		};
/* End PBXContainerItemProxy section */

/* Begin PBXFileReference section */
		16BBC75196043D78F6296C31 /* Pods-iFixUITests.debug.xcconfig */ = {isa = PBXFileReference; includeInIndex = 1; lastKnownFileType = text.xcconfig; name = "Pods-iFixUITests.debug.xcconfig"; path = "Pods/Target Support Files/Pods-iFixUITests/Pods-iFixUITests.debug.xcconfig"; sourceTree = "<group>"; };
		29541E03200993BD00935CDC /* OffersViewController.swift */ = {isa = PBXFileReference; lastKnownFileType = sourcecode.swift; path = OffersViewController.swift; sourceTree = "<group>"; };
		29541E05200993F200935CDC /* InProgressViewController.swift */ = {isa = PBXFileReference; lastKnownFileType = sourcecode.swift; path = InProgressViewController.swift; sourceTree = "<group>"; };
		29541E072009940A00935CDC /* HistoryViewController.swift */ = {isa = PBXFileReference; lastKnownFileType = sourcecode.swift; path = HistoryViewController.swift; sourceTree = "<group>"; };
		29541E092009971700935CDC /* Service.swift */ = {isa = PBXFileReference; lastKnownFileType = sourcecode.swift; path = Service.swift; sourceTree = "<group>"; };
		29541E0B2009A98F00935CDC /* UnclaimedServicesTableViewCell.swift */ = {isa = PBXFileReference; lastKnownFileType = sourcecode.swift; path = UnclaimedServicesTableViewCell.swift; sourceTree = "<group>"; };
		29541E0D2009ADC600935CDC /* DataCurrentUser.swift */ = {isa = PBXFileReference; lastKnownFileType = sourcecode.swift; path = DataCurrentUser.swift; sourceTree = "<group>"; };
		295A287B2009865A00530037 /* ServiceRequestViewController.swift */ = {isa = PBXFileReference; lastKnownFileType = sourcecode.swift; path = ServiceRequestViewController.swift; sourceTree = "<group>"; };
		34FCCCAD11003693D6755753 /* Pods-iFixTests.release.xcconfig */ = {isa = PBXFileReference; includeInIndex = 1; lastKnownFileType = text.xcconfig; name = "Pods-iFixTests.release.xcconfig"; path = "Pods/Target Support Files/Pods-iFixTests/Pods-iFixTests.release.xcconfig"; sourceTree = "<group>"; };
		5C9C20EC513831B95AF5B0D2 /* Pods-iFixUITests.release.xcconfig */ = {isa = PBXFileReference; includeInIndex = 1; lastKnownFileType = text.xcconfig; name = "Pods-iFixUITests.release.xcconfig"; path = "Pods/Target Support Files/Pods-iFixUITests/Pods-iFixUITests.release.xcconfig"; sourceTree = "<group>"; };
		7D044D1420097AAF0063BCBE /* ServiceProvider.swift */ = {isa = PBXFileReference; lastKnownFileType = sourcecode.swift; path = ServiceProvider.swift; sourceTree = "<group>"; };
		7D611BFB1FFD7EDA0015CF35 /* iFix.app */ = {isa = PBXFileReference; explicitFileType = wrapper.application; includeInIndex = 0; path = iFix.app; sourceTree = BUILT_PRODUCTS_DIR; };
		7D611BFE1FFD7EDA0015CF35 /* AppDelegate.swift */ = {isa = PBXFileReference; lastKnownFileType = sourcecode.swift; path = AppDelegate.swift; sourceTree = "<group>"; };
		7D611C001FFD7EDA0015CF35 /* ViewController.swift */ = {isa = PBXFileReference; lastKnownFileType = sourcecode.swift; path = ViewController.swift; sourceTree = "<group>"; };
		7D611C031FFD7EDB0015CF35 /* Base */ = {isa = PBXFileReference; lastKnownFileType = file.storyboard; name = Base; path = Base.lproj/Main.storyboard; sourceTree = "<group>"; };
		7D611C051FFD7EDB0015CF35 /* Assets.xcassets */ = {isa = PBXFileReference; lastKnownFileType = folder.assetcatalog; path = Assets.xcassets; sourceTree = "<group>"; };
		7D611C081FFD7EDB0015CF35 /* Base */ = {isa = PBXFileReference; lastKnownFileType = file.storyboard; name = Base; path = Base.lproj/LaunchScreen.storyboard; sourceTree = "<group>"; };
		7D611C0A1FFD7EDB0015CF35 /* Info.plist */ = {isa = PBXFileReference; lastKnownFileType = text.plist.xml; path = Info.plist; sourceTree = "<group>"; };
		7D611C0F1FFD7EDB0015CF35 /* iFixTests.xctest */ = {isa = PBXFileReference; explicitFileType = wrapper.cfbundle; includeInIndex = 0; path = iFixTests.xctest; sourceTree = BUILT_PRODUCTS_DIR; };
		7D611C131FFD7EDB0015CF35 /* iFixTests.swift */ = {isa = PBXFileReference; lastKnownFileType = sourcecode.swift; path = iFixTests.swift; sourceTree = "<group>"; };
		7D611C151FFD7EDB0015CF35 /* Info.plist */ = {isa = PBXFileReference; lastKnownFileType = text.plist.xml; path = Info.plist; sourceTree = "<group>"; };
		7D611C1A1FFD7EDB0015CF35 /* iFixUITests.xctest */ = {isa = PBXFileReference; explicitFileType = wrapper.cfbundle; includeInIndex = 0; path = iFixUITests.xctest; sourceTree = BUILT_PRODUCTS_DIR; };
		7D611C1E1FFD7EDB0015CF35 /* iFixUITests.swift */ = {isa = PBXFileReference; lastKnownFileType = sourcecode.swift; path = iFixUITests.swift; sourceTree = "<group>"; };
		7D611C201FFD7EDB0015CF35 /* Info.plist */ = {isa = PBXFileReference; lastKnownFileType = text.plist.xml; path = Info.plist; sourceTree = "<group>"; };
		7DAD311E1FFF10130092450C /* GoogleService-Info.plist */ = {isa = PBXFileReference; fileEncoding = 4; lastKnownFileType = text.plist.xml; path = "GoogleService-Info.plist"; sourceTree = "<group>"; };
		7DCA25D71FFDBCA800917C12 /* SignUpViewController.swift */ = {isa = PBXFileReference; lastKnownFileType = sourcecode.swift; path = SignUpViewController.swift; sourceTree = "<group>"; };
		7DCA25D91FFDBCB700917C12 /* SignInViewController.swift */ = {isa = PBXFileReference; lastKnownFileType = sourcecode.swift; path = SignInViewController.swift; sourceTree = "<group>"; };
		7DCA25DB1FFDC9D600917C12 /* User.swift */ = {isa = PBXFileReference; lastKnownFileType = sourcecode.swift; path = User.swift; sourceTree = "<group>"; };
		7DCA25DD1FFDEFB900917C12 /* UserHomeViewController.swift */ = {isa = PBXFileReference; lastKnownFileType = sourcecode.swift; path = UserHomeViewController.swift; sourceTree = "<group>"; };
		7DCA25DF1FFDEFD100917C12 /* ServiceProviderHomeViewController.swift */ = {isa = PBXFileReference; lastKnownFileType = sourcecode.swift; path = ServiceProviderHomeViewController.swift; sourceTree = "<group>"; };
		826303C7D31F4CA7A74F339C /* Pods_iFix.framework */ = {isa = PBXFileReference; explicitFileType = wrapper.framework; includeInIndex = 0; path = Pods_iFix.framework; sourceTree = BUILT_PRODUCTS_DIR; };
		A166FD57F354CBB0FE479401 /* Pods-iFixTests.debug.xcconfig */ = {isa = PBXFileReference; includeInIndex = 1; lastKnownFileType = text.xcconfig; name = "Pods-iFixTests.debug.xcconfig"; path = "Pods/Target Support Files/Pods-iFixTests/Pods-iFixTests.debug.xcconfig"; sourceTree = "<group>"; };
		AD7361E48A7AD21746C6E73A /* Pods_iFixTests.framework */ = {isa = PBXFileReference; explicitFileType = wrapper.framework; includeInIndex = 0; path = Pods_iFixTests.framework; sourceTree = BUILT_PRODUCTS_DIR; };
		BF5A99B5FAEF08F6314715A3 /* Pods-iFix.release.xcconfig */ = {isa = PBXFileReference; includeInIndex = 1; lastKnownFileType = text.xcconfig; name = "Pods-iFix.release.xcconfig"; path = "Pods/Target Support Files/Pods-iFix/Pods-iFix.release.xcconfig"; sourceTree = "<group>"; };
		C01D33759B4E99913B40342B /* Pods_iFixUITests.framework */ = {isa = PBXFileReference; explicitFileType = wrapper.framework; includeInIndex = 0; path = Pods_iFixUITests.framework; sourceTree = BUILT_PRODUCTS_DIR; };
		C3A7822925124CC16D1B4913 /* Pods-iFix.debug.xcconfig */ = {isa = PBXFileReference; includeInIndex = 1; lastKnownFileType = text.xcconfig; name = "Pods-iFix.debug.xcconfig"; path = "Pods/Target Support Files/Pods-iFix/Pods-iFix.debug.xcconfig"; sourceTree = "<group>"; };
/* End PBXFileReference section */

/* Begin PBXFrameworksBuildPhase section */
		7D611BF81FFD7EDA0015CF35 /* Frameworks */ = {
			isa = PBXFrameworksBuildPhase;
			buildActionMask = 2147483647;
			files = (
				CD44310A8B1EA18E7540407A /* Pods_iFix.framework in Frameworks */,
			);
			runOnlyForDeploymentPostprocessing = 0;
		};
		7D611C0C1FFD7EDB0015CF35 /* Frameworks */ = {
			isa = PBXFrameworksBuildPhase;
			buildActionMask = 2147483647;
			files = (
				9983BC5F7B90693C786D82F5 /* Pods_iFixTests.framework in Frameworks */,
			);
			runOnlyForDeploymentPostprocessing = 0;
		};
		7D611C171FFD7EDB0015CF35 /* Frameworks */ = {
			isa = PBXFrameworksBuildPhase;
			buildActionMask = 2147483647;
			files = (
				0E5E5709FED741999BBDBEA8 /* Pods_iFixUITests.framework in Frameworks */,
			);
			runOnlyForDeploymentPostprocessing = 0;
		};
/* End PBXFrameworksBuildPhase section */

/* Begin PBXGroup section */
		09137AA146063B4864587C32 /* Pods */ = {
			isa = PBXGroup;
			children = (
				C3A7822925124CC16D1B4913 /* Pods-iFix.debug.xcconfig */,
				BF5A99B5FAEF08F6314715A3 /* Pods-iFix.release.xcconfig */,
				A166FD57F354CBB0FE479401 /* Pods-iFixTests.debug.xcconfig */,
				34FCCCAD11003693D6755753 /* Pods-iFixTests.release.xcconfig */,
				16BBC75196043D78F6296C31 /* Pods-iFixUITests.debug.xcconfig */,
				5C9C20EC513831B95AF5B0D2 /* Pods-iFixUITests.release.xcconfig */,
			);
			name = Pods;
			sourceTree = "<group>";
		};
		7D611BF21FFD7EDA0015CF35 = {
			isa = PBXGroup;
			children = (
				7D611BFD1FFD7EDA0015CF35 /* iFix */,
				7D611C121FFD7EDB0015CF35 /* iFixTests */,
				7D611C1D1FFD7EDB0015CF35 /* iFixUITests */,
				7D611BFC1FFD7EDA0015CF35 /* Products */,
				09137AA146063B4864587C32 /* Pods */,
				BCDDC42F6E97C43522BFE84F /* Frameworks */,
			);
			sourceTree = "<group>";
		};
		7D611BFC1FFD7EDA0015CF35 /* Products */ = {
			isa = PBXGroup;
			children = (
				7D611BFB1FFD7EDA0015CF35 /* iFix.app */,
				7D611C0F1FFD7EDB0015CF35 /* iFixTests.xctest */,
				7D611C1A1FFD7EDB0015CF35 /* iFixUITests.xctest */,
			);
			name = Products;
			sourceTree = "<group>";
		};
		7D611BFD1FFD7EDA0015CF35 /* iFix */ = {
			isa = PBXGroup;
			children = (
				7DAD311E1FFF10130092450C /* GoogleService-Info.plist */,
				7D611BFE1FFD7EDA0015CF35 /* AppDelegate.swift */,
				7D611C001FFD7EDA0015CF35 /* ViewController.swift */,
				7D611C021FFD7EDB0015CF35 /* Main.storyboard */,
				29541E0B2009A98F00935CDC /* UnclaimedServicesTableViewCell.swift */,
				29541E05200993F200935CDC /* InProgressViewController.swift */,
				29541E072009940A00935CDC /* HistoryViewController.swift */,
				29541E03200993BD00935CDC /* OffersViewController.swift */,
				295A287B2009865A00530037 /* ServiceRequestViewController.swift */,
				7DCA25D71FFDBCA800917C12 /* SignUpViewController.swift */,
				7DCA25DB1FFDC9D600917C12 /* User.swift */,
				29541E092009971700935CDC /* Service.swift */,
				7D044D1420097AAF0063BCBE /* ServiceProvider.swift */,
				7DCA25D91FFDBCB700917C12 /* SignInViewController.swift */,
				7DCA25DD1FFDEFB900917C12 /* UserHomeViewController.swift */,
				29541E0D2009ADC600935CDC /* DataCurrentUser.swift */,
				7DCA25DF1FFDEFD100917C12 /* ServiceProviderHomeViewController.swift */,
				7D611C051FFD7EDB0015CF35 /* Assets.xcassets */,
				7D611C071FFD7EDB0015CF35 /* LaunchScreen.storyboard */,
				7D611C0A1FFD7EDB0015CF35 /* Info.plist */,
			);
			path = iFix;
			sourceTree = "<group>";
		};
		7D611C121FFD7EDB0015CF35 /* iFixTests */ = {
			isa = PBXGroup;
			children = (
				7D611C131FFD7EDB0015CF35 /* iFixTests.swift */,
				7D611C151FFD7EDB0015CF35 /* Info.plist */,
			);
			path = iFixTests;
			sourceTree = "<group>";
		};
		7D611C1D1FFD7EDB0015CF35 /* iFixUITests */ = {
			isa = PBXGroup;
			children = (
				7D611C1E1FFD7EDB0015CF35 /* iFixUITests.swift */,
				7D611C201FFD7EDB0015CF35 /* Info.plist */,
			);
			path = iFixUITests;
			sourceTree = "<group>";
		};
		BCDDC42F6E97C43522BFE84F /* Frameworks */ = {
			isa = PBXGroup;
			children = (
				826303C7D31F4CA7A74F339C /* Pods_iFix.framework */,
				AD7361E48A7AD21746C6E73A /* Pods_iFixTests.framework */,
				C01D33759B4E99913B40342B /* Pods_iFixUITests.framework */,
			);
			name = Frameworks;
			sourceTree = "<group>";
		};
/* End PBXGroup section */

/* Begin PBXNativeTarget section */
		7D611BFA1FFD7EDA0015CF35 /* iFix */ = {
			isa = PBXNativeTarget;
			buildConfigurationList = 7D611C231FFD7EDB0015CF35 /* Build configuration list for PBXNativeTarget "iFix" */;
			buildPhases = (
				E69CBD29AACE18573EDB75B7 /* [CP] Check Pods Manifest.lock */,
				7D611BF71FFD7EDA0015CF35 /* Sources */,
				7D611BF81FFD7EDA0015CF35 /* Frameworks */,
				7D611BF91FFD7EDA0015CF35 /* Resources */,
				3EBCC447F3647C53E6A32EAF /* [CP] Embed Pods Frameworks */,
				B9BBBA8AB777F0BF342D9119 /* [CP] Copy Pods Resources */,
			);
			buildRules = (
			);
			dependencies = (
			);
			name = iFix;
			productName = iFix;
			productReference = 7D611BFB1FFD7EDA0015CF35 /* iFix.app */;
			productType = "com.apple.product-type.application";
		};
		7D611C0E1FFD7EDB0015CF35 /* iFixTests */ = {
			isa = PBXNativeTarget;
			buildConfigurationList = 7D611C261FFD7EDB0015CF35 /* Build configuration list for PBXNativeTarget "iFixTests" */;
			buildPhases = (
				CD69C33FDC17990F3E72CF03 /* [CP] Check Pods Manifest.lock */,
				7D611C0B1FFD7EDB0015CF35 /* Sources */,
				7D611C0C1FFD7EDB0015CF35 /* Frameworks */,
				7D611C0D1FFD7EDB0015CF35 /* Resources */,
				642D634DD5A5D10B97D5607D /* [CP] Embed Pods Frameworks */,
				79DCB2BC5662EC374A0AB155 /* [CP] Copy Pods Resources */,
			);
			buildRules = (
			);
			dependencies = (
				7D611C111FFD7EDB0015CF35 /* PBXTargetDependency */,
			);
			name = iFixTests;
			productName = iFixTests;
			productReference = 7D611C0F1FFD7EDB0015CF35 /* iFixTests.xctest */;
			productType = "com.apple.product-type.bundle.unit-test";
		};
		7D611C191FFD7EDB0015CF35 /* iFixUITests */ = {
			isa = PBXNativeTarget;
			buildConfigurationList = 7D611C291FFD7EDB0015CF35 /* Build configuration list for PBXNativeTarget "iFixUITests" */;
			buildPhases = (
				4F43366441CE7CAB99E7D667 /* [CP] Check Pods Manifest.lock */,
				7D611C161FFD7EDB0015CF35 /* Sources */,
				7D611C171FFD7EDB0015CF35 /* Frameworks */,
				7D611C181FFD7EDB0015CF35 /* Resources */,
				775E41577B2FB513D24DB186 /* [CP] Embed Pods Frameworks */,
				1F0750E5EA318D6AD6B24C0B /* [CP] Copy Pods Resources */,
			);
			buildRules = (
			);
			dependencies = (
				7D611C1C1FFD7EDB0015CF35 /* PBXTargetDependency */,
			);
			name = iFixUITests;
			productName = iFixUITests;
			productReference = 7D611C1A1FFD7EDB0015CF35 /* iFixUITests.xctest */;
			productType = "com.apple.product-type.bundle.ui-testing";
		};
/* End PBXNativeTarget section */

/* Begin PBXProject section */
		7D611BF31FFD7EDA0015CF35 /* Project object */ = {
			isa = PBXProject;
			attributes = {
				LastSwiftUpdateCheck = 0920;
				LastUpgradeCheck = 0920;
				ORGANIZATIONNAME = "Mohammad Alharbi";
				TargetAttributes = {
					7D611BFA1FFD7EDA0015CF35 = {
						CreatedOnToolsVersion = 9.2;
						ProvisioningStyle = Automatic;
					};
					7D611C0E1FFD7EDB0015CF35 = {
						CreatedOnToolsVersion = 9.2;
						ProvisioningStyle = Automatic;
						TestTargetID = 7D611BFA1FFD7EDA0015CF35;
					};
					7D611C191FFD7EDB0015CF35 = {
						CreatedOnToolsVersion = 9.2;
						ProvisioningStyle = Automatic;
						TestTargetID = 7D611BFA1FFD7EDA0015CF35;
					};
				};
			};
			buildConfigurationList = 7D611BF61FFD7EDA0015CF35 /* Build configuration list for PBXProject "iFix" */;
			compatibilityVersion = "Xcode 8.0";
			developmentRegion = en;
			hasScannedForEncodings = 0;
			knownRegions = (
				en,
				Base,
			);
			mainGroup = 7D611BF21FFD7EDA0015CF35;
			productRefGroup = 7D611BFC1FFD7EDA0015CF35 /* Products */;
			projectDirPath = "";
			projectRoot = "";
			targets = (
				7D611BFA1FFD7EDA0015CF35 /* iFix */,
				7D611C0E1FFD7EDB0015CF35 /* iFixTests */,
				7D611C191FFD7EDB0015CF35 /* iFixUITests */,
			);
		};
/* End PBXProject section */

/* Begin PBXResourcesBuildPhase section */
		7D611BF91FFD7EDA0015CF35 /* Resources */ = {
			isa = PBXResourcesBuildPhase;
			buildActionMask = 2147483647;
			files = (
				7D611C091FFD7EDB0015CF35 /* LaunchScreen.storyboard in Resources */,
				7DAD311F1FFF10130092450C /* GoogleService-Info.plist in Resources */,
				7D611C061FFD7EDB0015CF35 /* Assets.xcassets in Resources */,
				7D611C041FFD7EDB0015CF35 /* Main.storyboard in Resources */,
			);
			runOnlyForDeploymentPostprocessing = 0;
		};
		7D611C0D1FFD7EDB0015CF35 /* Resources */ = {
			isa = PBXResourcesBuildPhase;
			buildActionMask = 2147483647;
			files = (
			);
			runOnlyForDeploymentPostprocessing = 0;
		};
		7D611C181FFD7EDB0015CF35 /* Resources */ = {
			isa = PBXResourcesBuildPhase;
			buildActionMask = 2147483647;
			files = (
			);
			runOnlyForDeploymentPostprocessing = 0;
		};
/* End PBXResourcesBuildPhase section */

/* Begin PBXShellScriptBuildPhase section */
		1F0750E5EA318D6AD6B24C0B /* [CP] Copy Pods Resources */ = {
			isa = PBXShellScriptBuildPhase;
			buildActionMask = 2147483647;
			files = (
			);
			inputPaths = (
			);
			name = "[CP] Copy Pods Resources";
			outputPaths = (
			);
			runOnlyForDeploymentPostprocessing = 0;
			shellPath = /bin/sh;
			shellScript = "\"${SRCROOT}/Pods/Target Support Files/Pods-iFixUITests/Pods-iFixUITests-resources.sh\"\n";
			showEnvVarsInLog = 0;
		};
		3EBCC447F3647C53E6A32EAF /* [CP] Embed Pods Frameworks */ = {
			isa = PBXShellScriptBuildPhase;
			buildActionMask = 2147483647;
			files = (
			);
			inputPaths = (
				"${SRCROOT}/Pods/Target Support Files/Pods-iFix/Pods-iFix-frameworks.sh",
				"${BUILT_PRODUCTS_DIR}/GTMSessionFetcher/GTMSessionFetcher.framework",
				"${BUILT_PRODUCTS_DIR}/GoogleToolboxForMac/GoogleToolboxForMac.framework",
				"${BUILT_PRODUCTS_DIR}/leveldb-library/leveldb.framework",
				"${BUILT_PRODUCTS_DIR}/nanopb/nanopb.framework",
			);
			name = "[CP] Embed Pods Frameworks";
			outputPaths = (
				"${TARGET_BUILD_DIR}/${FRAMEWORKS_FOLDER_PATH}/GTMSessionFetcher.framework",
				"${TARGET_BUILD_DIR}/${FRAMEWORKS_FOLDER_PATH}/GoogleToolboxForMac.framework",
				"${TARGET_BUILD_DIR}/${FRAMEWORKS_FOLDER_PATH}/leveldb.framework",
				"${TARGET_BUILD_DIR}/${FRAMEWORKS_FOLDER_PATH}/nanopb.framework",
			);
			runOnlyForDeploymentPostprocessing = 0;
			shellPath = /bin/sh;
			shellScript = "\"${SRCROOT}/Pods/Target Support Files/Pods-iFix/Pods-iFix-frameworks.sh\"\n";
			showEnvVarsInLog = 0;
		};
		4F43366441CE7CAB99E7D667 /* [CP] Check Pods Manifest.lock */ = {
			isa = PBXShellScriptBuildPhase;
			buildActionMask = 2147483647;
			files = (
			);
			inputPaths = (
				"${PODS_PODFILE_DIR_PATH}/Podfile.lock",
				"${PODS_ROOT}/Manifest.lock",
			);
			name = "[CP] Check Pods Manifest.lock";
			outputPaths = (
				"$(DERIVED_FILE_DIR)/Pods-iFixUITests-checkManifestLockResult.txt",
			);
			runOnlyForDeploymentPostprocessing = 0;
			shellPath = /bin/sh;
			shellScript = "diff \"${PODS_PODFILE_DIR_PATH}/Podfile.lock\" \"${PODS_ROOT}/Manifest.lock\" > /dev/null\nif [ $? != 0 ] ; then\n    # print error to STDERR\n    echo \"error: The sandbox is not in sync with the Podfile.lock. Run 'pod install' or update your CocoaPods installation.\" >&2\n    exit 1\nfi\n# This output is used by Xcode 'outputs' to avoid re-running this script phase.\necho \"SUCCESS\" > \"${SCRIPT_OUTPUT_FILE_0}\"\n";
			showEnvVarsInLog = 0;
		};
		642D634DD5A5D10B97D5607D /* [CP] Embed Pods Frameworks */ = {
			isa = PBXShellScriptBuildPhase;
			buildActionMask = 2147483647;
			files = (
			);
			inputPaths = (
			);
			name = "[CP] Embed Pods Frameworks";
			outputPaths = (
			);
			runOnlyForDeploymentPostprocessing = 0;
			shellPath = /bin/sh;
			shellScript = "\"${SRCROOT}/Pods/Target Support Files/Pods-iFixTests/Pods-iFixTests-frameworks.sh\"\n";
			showEnvVarsInLog = 0;
		};
		775E41577B2FB513D24DB186 /* [CP] Embed Pods Frameworks */ = {
			isa = PBXShellScriptBuildPhase;
			buildActionMask = 2147483647;
			files = (
			);
			inputPaths = (
			);
			name = "[CP] Embed Pods Frameworks";
			outputPaths = (
			);
			runOnlyForDeploymentPostprocessing = 0;
			shellPath = /bin/sh;
			shellScript = "\"${SRCROOT}/Pods/Target Support Files/Pods-iFixUITests/Pods-iFixUITests-frameworks.sh\"\n";
			showEnvVarsInLog = 0;
		};
		79DCB2BC5662EC374A0AB155 /* [CP] Copy Pods Resources */ = {
			isa = PBXShellScriptBuildPhase;
			buildActionMask = 2147483647;
			files = (
			);
			inputPaths = (
			);
			name = "[CP] Copy Pods Resources";
			outputPaths = (
			);
			runOnlyForDeploymentPostprocessing = 0;
			shellPath = /bin/sh;
			shellScript = "\"${SRCROOT}/Pods/Target Support Files/Pods-iFixTests/Pods-iFixTests-resources.sh\"\n";
			showEnvVarsInLog = 0;
		};
		B9BBBA8AB777F0BF342D9119 /* [CP] Copy Pods Resources */ = {
			isa = PBXShellScriptBuildPhase;
			buildActionMask = 2147483647;
			files = (
			);
			inputPaths = (
			);
			name = "[CP] Copy Pods Resources";
			outputPaths = (
			);
			runOnlyForDeploymentPostprocessing = 0;
			shellPath = /bin/sh;
			shellScript = "\"${SRCROOT}/Pods/Target Support Files/Pods-iFix/Pods-iFix-resources.sh\"\n";
			showEnvVarsInLog = 0;
		};
		CD69C33FDC17990F3E72CF03 /* [CP] Check Pods Manifest.lock */ = {
			isa = PBXShellScriptBuildPhase;
			buildActionMask = 2147483647;
			files = (
			);
			inputPaths = (
				"${PODS_PODFILE_DIR_PATH}/Podfile.lock",
				"${PODS_ROOT}/Manifest.lock",
			);
			name = "[CP] Check Pods Manifest.lock";
			outputPaths = (
				"$(DERIVED_FILE_DIR)/Pods-iFixTests-checkManifestLockResult.txt",
			);
			runOnlyForDeploymentPostprocessing = 0;
			shellPath = /bin/sh;
			shellScript = "diff \"${PODS_PODFILE_DIR_PATH}/Podfile.lock\" \"${PODS_ROOT}/Manifest.lock\" > /dev/null\nif [ $? != 0 ] ; then\n    # print error to STDERR\n    echo \"error: The sandbox is not in sync with the Podfile.lock. Run 'pod install' or update your CocoaPods installation.\" >&2\n    exit 1\nfi\n# This output is used by Xcode 'outputs' to avoid re-running this script phase.\necho \"SUCCESS\" > \"${SCRIPT_OUTPUT_FILE_0}\"\n";
			showEnvVarsInLog = 0;
		};
		E69CBD29AACE18573EDB75B7 /* [CP] Check Pods Manifest.lock */ = {
			isa = PBXShellScriptBuildPhase;
			buildActionMask = 2147483647;
			files = (
			);
			inputPaths = (
				"${PODS_PODFILE_DIR_PATH}/Podfile.lock",
				"${PODS_ROOT}/Manifest.lock",
			);
			name = "[CP] Check Pods Manifest.lock";
			outputPaths = (
				"$(DERIVED_FILE_DIR)/Pods-iFix-checkManifestLockResult.txt",
			);
			runOnlyForDeploymentPostprocessing = 0;
			shellPath = /bin/sh;
			shellScript = "diff \"${PODS_PODFILE_DIR_PATH}/Podfile.lock\" \"${PODS_ROOT}/Manifest.lock\" > /dev/null\nif [ $? != 0 ] ; then\n    # print error to STDERR\n    echo \"error: The sandbox is not in sync with the Podfile.lock. Run 'pod install' or update your CocoaPods installation.\" >&2\n    exit 1\nfi\n# This output is used by Xcode 'outputs' to avoid re-running this script phase.\necho \"SUCCESS\" > \"${SCRIPT_OUTPUT_FILE_0}\"\n";
			showEnvVarsInLog = 0;
		};
/* End PBXShellScriptBuildPhase section */

/* Begin PBXSourcesBuildPhase section */
		7D611BF71FFD7EDA0015CF35 /* Sources */ = {
			isa = PBXSourcesBuildPhase;
			buildActionMask = 2147483647;
			files = (
				7DCA25DE1FFDEFB900917C12 /* UserHomeViewController.swift in Sources */,
				29541E0A2009971700935CDC /* Service.swift in Sources */,
				7DCA25DA1FFDBCB700917C12 /* SignInViewController.swift in Sources */,
				29541E06200993F200935CDC /* InProgressViewController.swift in Sources */,
				29541E082009940A00935CDC /* HistoryViewController.swift in Sources */,
				7DCA25D81FFDBCA800917C12 /* SignUpViewController.swift in Sources */,
				7D611C011FFD7EDA0015CF35 /* ViewController.swift in Sources */,
				7D044D1520097AAF0063BCBE /* ServiceProvider.swift in Sources */,
				29541E0E2009ADC600935CDC /* DataCurrentUser.swift in Sources */,
				295A287C2009865A00530037 /* ServiceRequestViewController.swift in Sources */,
				7DCA25DC1FFDC9D600917C12 /* User.swift in Sources */,
				7D611BFF1FFD7EDA0015CF35 /* AppDelegate.swift in Sources */,
				7DCA25E01FFDEFD100917C12 /* ServiceProviderHomeViewController.swift in Sources */,
				29541E0C2009A98F00935CDC /* UnclaimedServicesTableViewCell.swift in Sources */,
				29541E04200993BD00935CDC /* OffersViewController.swift in Sources */,
			);
			runOnlyForDeploymentPostprocessing = 0;
		};
		7D611C0B1FFD7EDB0015CF35 /* Sources */ = {
			isa = PBXSourcesBuildPhase;
			buildActionMask = 2147483647;
			files = (
				7D611C141FFD7EDB0015CF35 /* iFixTests.swift in Sources */,
			);
			runOnlyForDeploymentPostprocessing = 0;
		};
		7D611C161FFD7EDB0015CF35 /* Sources */ = {
			isa = PBXSourcesBuildPhase;
			buildActionMask = 2147483647;
			files = (
				7D611C1F1FFD7EDB0015CF35 /* iFixUITests.swift in Sources */,
			);
			runOnlyForDeploymentPostprocessing = 0;
		};
/* End PBXSourcesBuildPhase section */

/* Begin PBXTargetDependency section */
		7D611C111FFD7EDB0015CF35 /* PBXTargetDependency */ = {
			isa = PBXTargetDependency;
			target = 7D611BFA1FFD7EDA0015CF35 /* iFix */;
			targetProxy = 7D611C101FFD7EDB0015CF35 /* PBXContainerItemProxy */;
		};
		7D611C1C1FFD7EDB0015CF35 /* PBXTargetDependency */ = {
			isa = PBXTargetDependency;
			target = 7D611BFA1FFD7EDA0015CF35 /* iFix */;
			targetProxy = 7D611C1B1FFD7EDB0015CF35 /* PBXContainerItemProxy */;
		};
/* End PBXTargetDependency section */

/* Begin PBXVariantGroup section */
		7D611C021FFD7EDB0015CF35 /* Main.storyboard */ = {
			isa = PBXVariantGroup;
			children = (
				7D611C031FFD7EDB0015CF35 /* Base */,
			);
			name = Main.storyboard;
			sourceTree = "<group>";
		};
		7D611C071FFD7EDB0015CF35 /* LaunchScreen.storyboard */ = {
			isa = PBXVariantGroup;
			children = (
				7D611C081FFD7EDB0015CF35 /* Base */,
			);
			name = LaunchScreen.storyboard;
			sourceTree = "<group>";
		};
/* End PBXVariantGroup section */

/* Begin XCBuildConfiguration section */
		7D611C211FFD7EDB0015CF35 /* Debug */ = {
			isa = XCBuildConfiguration;
			buildSettings = {
				ALWAYS_SEARCH_USER_PATHS = NO;
				CLANG_ANALYZER_NONNULL = YES;
				CLANG_ANALYZER_NUMBER_OBJECT_CONVERSION = YES_AGGRESSIVE;
				CLANG_CXX_LANGUAGE_STANDARD = "gnu++14";
				CLANG_CXX_LIBRARY = "libc++";
				CLANG_ENABLE_MODULES = YES;
				CLANG_ENABLE_OBJC_ARC = YES;
				CLANG_WARN_BLOCK_CAPTURE_AUTORELEASING = YES;
				CLANG_WARN_BOOL_CONVERSION = YES;
				CLANG_WARN_COMMA = YES;
				CLANG_WARN_CONSTANT_CONVERSION = YES;
				CLANG_WARN_DIRECT_OBJC_ISA_USAGE = YES_ERROR;
				CLANG_WARN_DOCUMENTATION_COMMENTS = YES;
				CLANG_WARN_EMPTY_BODY = YES;
				CLANG_WARN_ENUM_CONVERSION = YES;
				CLANG_WARN_INFINITE_RECURSION = YES;
				CLANG_WARN_INT_CONVERSION = YES;
				CLANG_WARN_NON_LITERAL_NULL_CONVERSION = YES;
				CLANG_WARN_OBJC_LITERAL_CONVERSION = YES;
				CLANG_WARN_OBJC_ROOT_CLASS = YES_ERROR;
				CLANG_WARN_RANGE_LOOP_ANALYSIS = YES;
				CLANG_WARN_STRICT_PROTOTYPES = YES;
				CLANG_WARN_SUSPICIOUS_MOVE = YES;
				CLANG_WARN_UNGUARDED_AVAILABILITY = YES_AGGRESSIVE;
				CLANG_WARN_UNREACHABLE_CODE = YES;
				CLANG_WARN__DUPLICATE_METHOD_MATCH = YES;
				CODE_SIGN_IDENTITY = "iPhone Developer";
				COPY_PHASE_STRIP = NO;
				DEBUG_INFORMATION_FORMAT = dwarf;
				ENABLE_STRICT_OBJC_MSGSEND = YES;
				ENABLE_TESTABILITY = YES;
				GCC_C_LANGUAGE_STANDARD = gnu11;
				GCC_DYNAMIC_NO_PIC = NO;
				GCC_NO_COMMON_BLOCKS = YES;
				GCC_OPTIMIZATION_LEVEL = 0;
				GCC_PREPROCESSOR_DEFINITIONS = (
					"DEBUG=1",
					"$(inherited)",
				);
				GCC_WARN_64_TO_32_BIT_CONVERSION = YES;
				GCC_WARN_ABOUT_RETURN_TYPE = YES_ERROR;
				GCC_WARN_UNDECLARED_SELECTOR = YES;
				GCC_WARN_UNINITIALIZED_AUTOS = YES_AGGRESSIVE;
				GCC_WARN_UNUSED_FUNCTION = YES;
				GCC_WARN_UNUSED_VARIABLE = YES;
				IPHONEOS_DEPLOYMENT_TARGET = 11.2;
				MTL_ENABLE_DEBUG_INFO = YES;
				ONLY_ACTIVE_ARCH = YES;
				SDKROOT = iphoneos;
				SWIFT_ACTIVE_COMPILATION_CONDITIONS = DEBUG;
				SWIFT_OPTIMIZATION_LEVEL = "-Onone";
			};
			name = Debug;
		};
		7D611C221FFD7EDB0015CF35 /* Release */ = {
			isa = XCBuildConfiguration;
			buildSettings = {
				ALWAYS_SEARCH_USER_PATHS = NO;
				CLANG_ANALYZER_NONNULL = YES;
				CLANG_ANALYZER_NUMBER_OBJECT_CONVERSION = YES_AGGRESSIVE;
				CLANG_CXX_LANGUAGE_STANDARD = "gnu++14";
				CLANG_CXX_LIBRARY = "libc++";
				CLANG_ENABLE_MODULES = YES;
				CLANG_ENABLE_OBJC_ARC = YES;
				CLANG_WARN_BLOCK_CAPTURE_AUTORELEASING = YES;
				CLANG_WARN_BOOL_CONVERSION = YES;
				CLANG_WARN_COMMA = YES;
				CLANG_WARN_CONSTANT_CONVERSION = YES;
				CLANG_WARN_DIRECT_OBJC_ISA_USAGE = YES_ERROR;
				CLANG_WARN_DOCUMENTATION_COMMENTS = YES;
				CLANG_WARN_EMPTY_BODY = YES;
				CLANG_WARN_ENUM_CONVERSION = YES;
				CLANG_WARN_INFINITE_RECURSION = YES;
				CLANG_WARN_INT_CONVERSION = YES;
				CLANG_WARN_NON_LITERAL_NULL_CONVERSION = YES;
				CLANG_WARN_OBJC_LITERAL_CONVERSION = YES;
				CLANG_WARN_OBJC_ROOT_CLASS = YES_ERROR;
				CLANG_WARN_RANGE_LOOP_ANALYSIS = YES;
				CLANG_WARN_STRICT_PROTOTYPES = YES;
				CLANG_WARN_SUSPICIOUS_MOVE = YES;
				CLANG_WARN_UNGUARDED_AVAILABILITY = YES_AGGRESSIVE;
				CLANG_WARN_UNREACHABLE_CODE = YES;
				CLANG_WARN__DUPLICATE_METHOD_MATCH = YES;
				CODE_SIGN_IDENTITY = "iPhone Developer";
				COPY_PHASE_STRIP = NO;
				DEBUG_INFORMATION_FORMAT = "dwarf-with-dsym";
				ENABLE_NS_ASSERTIONS = NO;
				ENABLE_STRICT_OBJC_MSGSEND = YES;
				GCC_C_LANGUAGE_STANDARD = gnu11;
				GCC_NO_COMMON_BLOCKS = YES;
				GCC_WARN_64_TO_32_BIT_CONVERSION = YES;
				GCC_WARN_ABOUT_RETURN_TYPE = YES_ERROR;
				GCC_WARN_UNDECLARED_SELECTOR = YES;
				GCC_WARN_UNINITIALIZED_AUTOS = YES_AGGRESSIVE;
				GCC_WARN_UNUSED_FUNCTION = YES;
				GCC_WARN_UNUSED_VARIABLE = YES;
				IPHONEOS_DEPLOYMENT_TARGET = 11.2;
				MTL_ENABLE_DEBUG_INFO = NO;
				SDKROOT = iphoneos;
				SWIFT_OPTIMIZATION_LEVEL = "-Owholemodule";
				VALIDATE_PRODUCT = YES;
			};
			name = Release;
		};
		7D611C241FFD7EDB0015CF35 /* Debug */ = {
			isa = XCBuildConfiguration;
			baseConfigurationReference = C3A7822925124CC16D1B4913 /* Pods-iFix.debug.xcconfig */;
			buildSettings = {
				ASSETCATALOG_COMPILER_APPICON_NAME = AppIcon;
				"CODE_SIGN_IDENTITY[sdk=iphoneos*]" = "iPhone Developer";
				CODE_SIGN_STYLE = Automatic;
				DEVELOPMENT_TEAM = BT3VA7J65R;
				INFOPLIST_FILE = iFix/Info.plist;
				IPHONEOS_DEPLOYMENT_TARGET = 11.1;
				LD_RUNPATH_SEARCH_PATHS = "$(inherited) @executable_path/Frameworks";
				PRODUCT_BUNDLE_IDENTIFIER = com.mohammed.alharbi.iFix;
				PRODUCT_NAME = "$(TARGET_NAME)";
				PROVISIONING_PROFILE_SPECIFIER = "";
				SWIFT_VERSION = 4.0;
				TARGETED_DEVICE_FAMILY = "1,2";
			};
			name = Debug;
		};
		7D611C251FFD7EDB0015CF35 /* Release */ = {
			isa = XCBuildConfiguration;
			baseConfigurationReference = BF5A99B5FAEF08F6314715A3 /* Pods-iFix.release.xcconfig */;
			buildSettings = {
				ASSETCATALOG_COMPILER_APPICON_NAME = AppIcon;
				"CODE_SIGN_IDENTITY[sdk=iphoneos*]" = "iPhone Developer";
				CODE_SIGN_STYLE = Automatic;
				DEVELOPMENT_TEAM = BT3VA7J65R;
				INFOPLIST_FILE = iFix/Info.plist;
				IPHONEOS_DEPLOYMENT_TARGET = 11.1;
				LD_RUNPATH_SEARCH_PATHS = "$(inherited) @executable_path/Frameworks";
				PRODUCT_BUNDLE_IDENTIFIER = com.mohammed.alharbi.iFix;
				PRODUCT_NAME = "$(TARGET_NAME)";
				PROVISIONING_PROFILE_SPECIFIER = "";
				SWIFT_VERSION = 4.0;
				TARGETED_DEVICE_FAMILY = "1,2";
			};
			name = Release;
		};
		7D611C271FFD7EDB0015CF35 /* Debug */ = {
			isa = XCBuildConfiguration;
			baseConfigurationReference = A166FD57F354CBB0FE479401 /* Pods-iFixTests.debug.xcconfig */;
			buildSettings = {
				ALWAYS_EMBED_SWIFT_STANDARD_LIBRARIES = YES;
				BUNDLE_LOADER = "$(TEST_HOST)";
				CODE_SIGN_STYLE = Automatic;
				INFOPLIST_FILE = iFixTests/Info.plist;
				IPHONEOS_DEPLOYMENT_TARGET = 11.1;
				LD_RUNPATH_SEARCH_PATHS = "$(inherited) @executable_path/Frameworks @loader_path/Frameworks";
				PRODUCT_BUNDLE_IDENTIFIER = com.mohammed.alharbi.iFixTests;
				PRODUCT_NAME = "$(TARGET_NAME)";
				SWIFT_VERSION = 4.0;
				TARGETED_DEVICE_FAMILY = "1,2";
				TEST_HOST = "$(BUILT_PRODUCTS_DIR)/iFix.app/iFix";
			};
			name = Debug;
		};
		7D611C281FFD7EDB0015CF35 /* Release */ = {
			isa = XCBuildConfiguration;
			baseConfigurationReference = 34FCCCAD11003693D6755753 /* Pods-iFixTests.release.xcconfig */;
			buildSettings = {
				ALWAYS_EMBED_SWIFT_STANDARD_LIBRARIES = YES;
				BUNDLE_LOADER = "$(TEST_HOST)";
				CODE_SIGN_STYLE = Automatic;
				INFOPLIST_FILE = iFixTests/Info.plist;
				IPHONEOS_DEPLOYMENT_TARGET = 11.1;
				LD_RUNPATH_SEARCH_PATHS = "$(inherited) @executable_path/Frameworks @loader_path/Frameworks";
				PRODUCT_BUNDLE_IDENTIFIER = com.mohammed.alharbi.iFixTests;
				PRODUCT_NAME = "$(TARGET_NAME)";
				SWIFT_VERSION = 4.0;
				TARGETED_DEVICE_FAMILY = "1,2";
				TEST_HOST = "$(BUILT_PRODUCTS_DIR)/iFix.app/iFix";
			};
			name = Release;
		};
		7D611C2A1FFD7EDB0015CF35 /* Debug */ = {
			isa = XCBuildConfiguration;
			baseConfigurationReference = 16BBC75196043D78F6296C31 /* Pods-iFixUITests.debug.xcconfig */;
			buildSettings = {
				ALWAYS_EMBED_SWIFT_STANDARD_LIBRARIES = YES;
				CODE_SIGN_STYLE = Automatic;
				INFOPLIST_FILE = iFixUITests/Info.plist;
				IPHONEOS_DEPLOYMENT_TARGET = 11.1;
				LD_RUNPATH_SEARCH_PATHS = "$(inherited) @executable_path/Frameworks @loader_path/Frameworks";
				PRODUCT_BUNDLE_IDENTIFIER = com.mohammed.alharbi.iFixUITests;
				PRODUCT_NAME = "$(TARGET_NAME)";
				SWIFT_VERSION = 4.0;
				TARGETED_DEVICE_FAMILY = "1,2";
				TEST_TARGET_NAME = iFix;
			};
			name = Debug;
		};
		7D611C2B1FFD7EDB0015CF35 /* Release */ = {
			isa = XCBuildConfiguration;
			baseConfigurationReference = 5C9C20EC513831B95AF5B0D2 /* Pods-iFixUITests.release.xcconfig */;
			buildSettings = {
				ALWAYS_EMBED_SWIFT_STANDARD_LIBRARIES = YES;
				CODE_SIGN_STYLE = Automatic;
				INFOPLIST_FILE = iFixUITests/Info.plist;
				IPHONEOS_DEPLOYMENT_TARGET = 11.1;
				LD_RUNPATH_SEARCH_PATHS = "$(inherited) @executable_path/Frameworks @loader_path/Frameworks";
				PRODUCT_BUNDLE_IDENTIFIER = com.mohammed.alharbi.iFixUITests;
				PRODUCT_NAME = "$(TARGET_NAME)";
				SWIFT_VERSION = 4.0;
				TARGETED_DEVICE_FAMILY = "1,2";
				TEST_TARGET_NAME = iFix;
			};
			name = Release;
		};
/* End XCBuildConfiguration section */

/* Begin XCConfigurationList section */
		7D611BF61FFD7EDA0015CF35 /* Build configuration list for PBXProject "iFix" */ = {
			isa = XCConfigurationList;
			buildConfigurations = (
				7D611C211FFD7EDB0015CF35 /* Debug */,
				7D611C221FFD7EDB0015CF35 /* Release */,
			);
			defaultConfigurationIsVisible = 0;
			defaultConfigurationName = Release;
		};
		7D611C231FFD7EDB0015CF35 /* Build configuration list for PBXNativeTarget "iFix" */ = {
			isa = XCConfigurationList;
			buildConfigurations = (
				7D611C241FFD7EDB0015CF35 /* Debug */,
				7D611C251FFD7EDB0015CF35 /* Release */,
			);
			defaultConfigurationIsVisible = 0;
			defaultConfigurationName = Release;
		};
		7D611C261FFD7EDB0015CF35 /* Build configuration list for PBXNativeTarget "iFixTests" */ = {
			isa = XCConfigurationList;
			buildConfigurations = (
				7D611C271FFD7EDB0015CF35 /* Debug */,
				7D611C281FFD7EDB0015CF35 /* Release */,
			);
			defaultConfigurationIsVisible = 0;
			defaultConfigurationName = Release;
		};
		7D611C291FFD7EDB0015CF35 /* Build configuration list for PBXNativeTarget "iFixUITests" */ = {
			isa = XCConfigurationList;
			buildConfigurations = (
				7D611C2A1FFD7EDB0015CF35 /* Debug */,
				7D611C2B1FFD7EDB0015CF35 /* Release */,
			);
			defaultConfigurationIsVisible = 0;
			defaultConfigurationName = Release;
		};
/* End XCConfigurationList section */
	};
	rootObject = 7D611BF31FFD7EDA0015CF35 /* Project object */;
}
